{
  "nodes": {
    "nixpkgs": {
      "locked": {
        "lastModified": 1713958573,
        "narHash": "sha256-gAMgiN6fIQ7C6R/f8nA6WAjaXuh4OGDKlGi3y5ohKGY=",
        "owner": "nixos",
        "repo": "nixpkgs",
        "rev": "b03b5c193b38834ac20d1bd0b0314e33783bd817",
        "type": "github"
      },
      "original": {
        "owner": "nixos",
        "repo": "nixpkgs",
        "type": "github"
      }
    },
    "root": {
      "inputs": {
        "nixpkgs": "nixpkgs"
      }
    }
  },
  "root": "root",
  "version": 7
}
